# This file is automatically @generated by Cargo.
# It is not intended for manual editing.
[[package]]
name = "aho-corasick"
version = "0.7.18"
source = "registry+https://github.com/rust-lang/crates.io-index"
dependencies = [
 "memchr 2.4.0 (registry+https://github.com/rust-lang/crates.io-index)",
]

[[package]]
name = "lazy_static"
version = "1.4.0"
source = "registry+https://github.com/rust-lang/crates.io-index"

[[package]]
name = "memchr"
version = "2.4.0"
source = "registry+https://github.com/rust-lang/crates.io-index"

[[package]]
name = "new_string_template"
version = "1.4.0"
dependencies = [
 "lazy_static 1.4.0 (registry+https://github.com/rust-lang/crates.io-index)",
 "regex 1.5.5 (registry+https://github.com/rust-lang/crates.io-index)",
]

[[package]]
name = "regex"
version = "1.5.5"
source = "registry+https://github.com/rust-lang/crates.io-index"
dependencies = [
 "aho-corasick 0.7.18 (registry+https://github.com/rust-lang/crates.io-index)",
 "memchr 2.4.0 (registry+https://github.com/rust-lang/crates.io-index)",
 "regex-syntax 0.6.25 (registry+https://github.com/rust-lang/crates.io-index)",
]

[[package]]
name = "regex-syntax"
version = "0.6.25"
source = "registry+https://github.com/rust-lang/crates.io-index"

[metadata]
"checksum aho-corasick 0.7.18 (registry+https://github.com/rust-lang/crates.io-index)" = "1e37cfd5e7657ada45f742d6e99ca5788580b5c529dc78faf11ece6dc702656f"
"checksum lazy_static 1.4.0 (registry+https://github.com/rust-lang/crates.io-index)" = "e2abad23fbc42b3700f2f279844dc832adb2b2eb069b2df918f455c4e18cc646"
"checksum memchr 2.4.0 (registry+https://github.com/rust-lang/crates.io-index)" = "b16bd47d9e329435e309c58469fe0791c2d0d1ba96ec0954152a5ae2b04387dc"
"checksum regex 1.5.5 (registry+https://github.com/rust-lang/crates.io-index)" = "1a11647b6b25ff05a515cb92c365cec08801e83423a235b51e231e1808747286"
"checksum regex-syntax 0.6.25 (registry+https://github.com/rust-lang/crates.io-index)" = "f497285884f3fcff424ffc933e56d7cbca511def0c9831a7f9b5f6153e3cc89b"
